
Microsoft Visual Studio Solution File, Format Version 12.00
# Visual Studio 15
VisualStudioVersion = 15.0.28010.2046
MinimumVisualStudioVersion = 10.0.40219.1
Project("{FAE04EC0-301F-11D3-BF4B-00C04F79EFBC}") = "ch3and4", "ch3and4\ch3and4.csproj", "{FE81F9E1-D367-4F30-A5F3-4C8D7EDA5594}"
EndProject
Global
	GlobalSection(SolutionConfigurationPlatforms) = preSolution
		Debug|Any CPU = Debug|Any CPU
		Release|Any CPU = Release|Any CPU
	EndGlobalSection
	GlobalSection(ProjectConfigurationPlatforms) = postSolution
		{FE81F9E1-D367-4F30-A5F3-4C8D7EDA5594}.Debug|Any CPU.ActiveCfg = Debug|Any CPU
		{FE81F9E1-D367-4F30-A5F3-4C8D7EDA5594}.Debug|Any CPU.Build.0 = Debug|Any CPU
		{FE81F9E1-D367-4F30-A5F3-4C8D7EDA5594}.Release|Any CPU.ActiveCfg = Release|Any CPU
		{FE81F9E1-D367-4F30-A5F3-4C8D7EDA5594}.Release|Any CPU.Build.0 = Release|Any CPU
	EndGlobalSection
	GlobalSection(SolutionProperties) = preSolution
		HideSolutionNode = FALSE
	EndGlobalSection
	GlobalSection(ExtensibilityGlobals) = postSolution
		SolutionGuid = {5975971E-20ED-4254-8AE1-58B23CEDB46F}
	EndGlobalSection
EndGlobal
